
Microsoft Visual Studio Solution File, Format Version 11.00
# Visual Studio 2010
Project("{FAE04EC0-301F-11D3-BF4B-00C04F79EFBC}") = "Assembly-CSharp", "Assembly-CSharp.csproj", "{5dbaa663-1a9b-53c6-2dd9-a7c566872ba3}"
EndProject
Project("{FAE04EC0-301F-11D3-BF4B-00C04F79EFBC}") = "Assembly-CSharp-Editor", "Assembly-CSharp-Editor.csproj", "{524be3dc-4e5d-9661-c6e5-a063b1c2013f}"
EndProject
Global
	GlobalSection(SolutionConfigurationPlatforms) = preSolution
		Debug|Any CPU = Debug|Any CPU
	EndGlobalSection
	GlobalSection(ProjectConfigurationPlatforms) = postSolution
		{5dbaa663-1a9b-53c6-2dd9-a7c566872ba3}.Debug|Any CPU.ActiveCfg = Debug|Any CPU
		{5dbaa663-1a9b-53c6-2dd9-a7c566872ba3}.Debug|Any CPU.Build.0 = Debug|Any CPU
		{524be3dc-4e5d-9661-c6e5-a063b1c2013f}.Debug|Any CPU.ActiveCfg = Debug|Any CPU
		{524be3dc-4e5d-9661-c6e5-a063b1c2013f}.Debug|Any CPU.Build.0 = Debug|Any CPU
	EndGlobalSection
	GlobalSection(SolutionProperties) = preSolution
		HideSolutionNode = FALSE
	EndGlobalSection
EndGlobal
